
Microsoft Visual Studio Solution File, Format Version 12.00
# Visual Studio Version 16
VisualStudioVersion = 16.0.31624.102
MinimumVisualStudioVersion = 10.0.40219.1
Project("{FAE04EC0-301F-11D3-BF4B-00C04F79EFBC}") = "OOP_Pr_1", "OOP_Pr_1\OOP_Pr_1.csproj", "{BD126DD1-C63C-4005-BEA5-02B12C931CA4}"
EndProject
Global
	GlobalSection(SolutionConfigurationPlatforms) = preSolution
		Debug|Any CPU = Debug|Any CPU
		Release|Any CPU = Release|Any CPU
	EndGlobalSection
	GlobalSection(ProjectConfigurationPlatforms) = postSolution
		{BD126DD1-C63C-4005-BEA5-02B12C931CA4}.Debug|Any CPU.ActiveCfg = Debug|Any CPU
		{BD126DD1-C63C-4005-BEA5-02B12C931CA4}.Debug|Any CPU.Build.0 = Debug|Any CPU
		{BD126DD1-C63C-4005-BEA5-02B12C931CA4}.Release|Any CPU.ActiveCfg = Release|Any CPU
		{BD126DD1-C63C-4005-BEA5-02B12C931CA4}.Release|Any CPU.Build.0 = Release|Any CPU
	EndGlobalSection
	GlobalSection(SolutionProperties) = preSolution
		HideSolutionNode = FALSE
	EndGlobalSection
	GlobalSection(ExtensibilityGlobals) = postSolution
		SolutionGuid = {51449029-739B-474F-87E4-C435A7944A22}
	EndGlobalSection
EndGlobal
